{
  "name": "dmodule.js",
  "version": "1.0.0",
  "lockfileVersion": 1,
  "requires": true,
  "dependencies": {
    "commander": {
      "version": "5.1.0",
      "resolved": "https://registry.npmjs.org/commander/-/commander-5.1.0.tgz",
      "integrity": "sha512-P0CysNDQ7rtVw4QIQtm+MRxV66vKFSvlsQvGYXZWR3qFU0jlMKHZZZgw8e+8DSah4UDKMqnknRDQz+xuQXQ/Zg=="
    },
    "commnader": {
      "version": "0.0.1-security",
      "resolved": "https://registry.npmjs.org/commnader/-/commnader-0.0.1-security.tgz",
      "integrity": "sha512-5s2M5+uPEUO/NxJHUGSTsIH0g47RFv/y8hYUpXs/8E0zKJWilw3oKczau4rO63FUCDkefkBtOK5h6qyBcYgZkw=="
    },
    "debug": {
      "version": "4.1.1",
      "resolved": "https://registry.npmjs.org/debug/-/debug-4.1.1.tgz",
      "integrity": "sha512-pYAIzeRo8J6KPEaJ0VWOh5Pzkbw/RetuzehGM7QRRX5he4fPHx2rdKMB256ehJCkX+XRQm16eZLqLNS8RSZXZw==",
      "requires": {
        "ms": "^2.1.1"
      }
    },
    "dson.js": {
      "version": "1.0.4",
      "resolved": "https://registry.npmjs.org/dson.js/-/dson.js-1.0.4.tgz",
      "integrity": "sha512-TNU3HK++oY7aGzwX8zrbEEkZgPg9Sc5LPiQOJ3mqVstwNn9kvZcqpRNH7OR754QNW7rLXLNbTbcTs0tHWkFofw==",
      "requires": {
        "jvd.js": "^1.2.2",
        "lisa.json": "^1.3.1",
        "lisa.utils": "^2.1.1",
        "lustjson.js": "^2.2.0"
      },
      "dependencies": {
        "lisa.utils": {
          "version": "2.1.1",
          "resolved": "https://registry.npmjs.org/lisa.utils/-/lisa.utils-2.1.1.tgz",
          "integrity": "sha512-Xn7kuPf0lfm2sHKutDhit9KAorxIq/djXP5kbWOp4PKHZY1NkRh4R7MvQ2Hbt9PEebIq9jTAW5g+dtOvU7LVHQ=="
        }
      }
    },
    "hasha": {
      "version": "5.2.0",
      "resolved": "https://registry.npmjs.org/hasha/-/hasha-5.2.0.tgz",
      "integrity": "sha512-2W+jKdQbAdSIrggA8Q35Br8qKadTrqCTC8+XZvBWepKDK6m9XkX6Iz1a2yh2KP01kzAR/dpuMeUnocoLYDcskw==",
      "requires": {
        "is-stream": "^2.0.0",
        "type-fest": "^0.8.0"
      }
    },
    "is-stream": {
      "version": "2.0.0",
      "resolved": "https://registry.npmjs.org/is-stream/-/is-stream-2.0.0.tgz",
      "integrity": "sha512-XCoy+WlUr7d1+Z8GgSuXmpuUFC9fOhRXglJMx+dwLKTkL44Cjd4W1Z5P+BQZpr+cR93aGP4S/s7Ftw6Nd/kiEw=="
    },
    "jvd.js": {
      "version": "1.2.2",
      "resolved": "https://registry.npmjs.org/jvd.js/-/jvd.js-1.2.2.tgz",
      "integrity": "sha512-bCFD256u9fYPxwbMZYiJBNOkWWV/7R2i5b8ORwBmQ/p8KqXu0cpqbjWX4YqHF6vK+YTsI956Ub7Lz5FTtoo9ag==",
      "requires": {
        "lisa.utils": "^1.2.0"
      },
      "dependencies": {
        "lisa.utils": {
          "version": "1.3.4",
          "resolved": "https://registry.npmjs.org/lisa.utils/-/lisa.utils-1.3.4.tgz",
          "integrity": "sha512-AvnXJSSjS9trxnq3hWAlVPOW8W5Ec4YPfpBpPRPW/pOeuqUUSyR1tGFf1bLozMRKVbecVkuFR9JIwcRJVogaBA=="
        }
      }
    },
    "lisa.json": {
      "version": "1.3.1",
      "resolved": "https://registry.npmjs.org/lisa.json/-/lisa.json-1.3.1.tgz",
      "integrity": "sha512-/fYdvOK/wCbdYUJ7FSC8FPcSvoZEyb3MIa7frW67WqaJuqLTcS2iJP6ytAnkn3ybsBY7aOn32XBZKK5CMsPeYw==",
      "requires": {
        "lisa.utils": "^1.2.0",
        "lustjson.js": "^3.0.0"
      },
      "dependencies": {
        "lisa.utils": {
          "version": "1.3.4",
          "resolved": "https://registry.npmjs.org/lisa.utils/-/lisa.utils-1.3.4.tgz",
          "integrity": "sha512-AvnXJSSjS9trxnq3hWAlVPOW8W5Ec4YPfpBpPRPW/pOeuqUUSyR1tGFf1bLozMRKVbecVkuFR9JIwcRJVogaBA=="
        },
        "lustjson.js": {
          "version": "3.0.0",
          "resolved": "https://registry.npmjs.org/lustjson.js/-/lustjson.js-3.0.0.tgz",
          "integrity": "sha512-a1bMPpUmSRZ1A85Ix1Pkv6QG1dBU1HD70ACf+uV0cXg6SC2uHjeR6MPVSAl81jdV7EaEp6m4L3g+iixwWoPhqw=="
        }
      }
    },
    "lisa.orbit": {
      "version": "1.0.3",
      "resolved": "https://registry.npmjs.org/lisa.orbit/-/lisa.orbit-1.0.3.tgz",
      "integrity": "sha512-7HxLpvVoYDWSpwK2aQvW1ixU9dkEByyHzl5BDRRiVBzKkcVSMCdpeGowVQxU6vECefB8CUvg7vcoYCNWUenejw==",
      "requires": {
        "lisa.promise": "^1.1.0",
        "lisa.utils": "^1.0.0"
      },
      "dependencies": {
        "lisa.utils": {
          "version": "1.3.4",
          "resolved": "https://registry.npmjs.org/lisa.utils/-/lisa.utils-1.3.4.tgz",
          "integrity": "sha512-AvnXJSSjS9trxnq3hWAlVPOW8W5Ec4YPfpBpPRPW/pOeuqUUSyR1tGFf1bLozMRKVbecVkuFR9JIwcRJVogaBA=="
        }
      }
    },
    "lisa.promise": {
      "version": "1.1.1",
      "resolved": "https://registry.npmjs.org/lisa.promise/-/lisa.promise-1.1.1.tgz",
      "integrity": "sha512-ptLW3LMQecIW3ZrM6w1D3Y4pEgjasvD2YBhiwdBmJp2BAG0cQx0Qjnih0hBjl+tCu8QQuXYhmBTFBakZjFrIjg==",
      "requires": {
        "promise-sequential": "^1.1.1"
      }
    },
    "lisa.sync": {
      "version": "1.1.4",
      "resolved": "https://registry.npmjs.org/lisa.sync/-/lisa.sync-1.1.4.tgz",
      "integrity": "sha512-pMRDeZEIOBypFeLi+JF0ANoclOQSkM7a4AlEt+rv9oEVurwA2i88A4d84vaa9QSx8flzWo1gWj8QV7gyWGENqg==",
      "requires": {
        "debug": "^4.1.1",
        "lisa.orbit": "^1.0.3",
        "lisa.sync.fileadapter": "^1.0.0",
        "lisa.utils": "^2.0.0"
      }
    },
    "lisa.sync.fileadapter": {
      "version": "1.0.0",
      "resolved": "https://registry.npmjs.org/lisa.sync.fileadapter/-/lisa.sync.fileadapter-1.0.0.tgz",
      "integrity": "sha512-xaxHhxkzUTfljxEeZbtloULxIUiSjdEV2AC4FsNcSMFT2kD0xihzrwdDk+RPZXziTjrkl6NDWIgpvSG2E+lCOQ==",
      "requires": {
        "lisa.utils": "^1.1.0",
        "mkdirp": "^0.5.1"
      },
      "dependencies": {
        "lisa.utils": {
          "version": "1.3.4",
          "resolved": "https://registry.npmjs.org/lisa.utils/-/lisa.utils-1.3.4.tgz",
          "integrity": "sha512-AvnXJSSjS9trxnq3hWAlVPOW8W5Ec4YPfpBpPRPW/pOeuqUUSyR1tGFf1bLozMRKVbecVkuFR9JIwcRJVogaBA=="
        }
      }
    },
    "lisa.utils": {
      "version": "2.1.0",
      "resolved": "https://registry.npmjs.org/lisa.utils/-/lisa.utils-2.1.0.tgz",
      "integrity": "sha512-aQIlLJuIraWOqqxQN5Y0SnHzGCFqE9l4RtliC2k4YFBVEGvCqtxlm36QfatcbCCEAdlAoc2PDYc/vPccf1eEjg=="
    },
    "lustjson.js": {
      "version": "2.2.0",
      "resolved": "https://registry.npmjs.org/lustjson.js/-/lustjson.js-2.2.0.tgz",
      "integrity": "sha512-LRTMEsP4xoHyNre/hJxdz+L8NU8kV1YGvZeW0P3g8B3kSMdlJ/7h0GIt8IxYRa5MhKfpM3vibd6oZ3NZrHOdww=="
    },
    "minimist": {
      "version": "1.2.6",
      "resolved": "https://registry.npmjs.org/minimist/-/minimist-1.2.6.tgz",
      "integrity": "sha512-Jsjnk4bw3YJqYzbdyBiNsPWHPfO++UGG749Cxs6peCu5Xg4nrena6OVxOYxrQTqww0Jmwt+Ref8rggumkTLz9Q=="
    },
    "mkdirp": {
      "version": "0.5.5",
      "resolved": "https://registry.npmjs.org/mkdirp/-/mkdirp-0.5.5.tgz",
      "integrity": "sha512-NKmAlESf6jMGym1++R0Ra7wvhV+wFW63FaSOFPwRahvea0gMUcGUhVeAg/0BC0wiv9ih5NYPB1Wn1UEI1/L+xQ==",
      "requires": {
        "minimist": "^1.2.5"
      }
    },
    "ms": {
      "version": "2.1.2",
      "resolved": "https://registry.npmjs.org/ms/-/ms-2.1.2.tgz",
      "integrity": "sha512-sGkPx+VjMtmA6MX27oA4FBFELFCZZ4S4XqeGOXCv68tT+jb3vk/RyaKWP0PTKyWtmLSM0b+adUTEvbs1PEaH2w=="
    },
    "promise-sequential": {
      "version": "1.1.1",
      "resolved": "https://registry.npmjs.org/promise-sequential/-/promise-sequential-1.1.1.tgz",
      "integrity": "sha1-956JUO+G56eoW/MgRSZDWS9tL7I="
    },
    "type-fest": {
      "version": "0.8.1",
      "resolved": "https://registry.npmjs.org/type-fest/-/type-fest-0.8.1.tgz",
      "integrity": "sha512-4dbzIzqvjtgiM5rw1k5rEHtBANKmdudhGyBEajN01fEyhaAIhsoKNy6y7+IN93IfpFtwY9iqi7kD+xwKhQsNJA=="
    }
  }
}
